{
  "name": "server",
  "version": "1.0.0",
  "lockfileVersion": 1,
  "requires": true,
  "dependencies": {
    "@types/bcryptjs": {
      "version": "2.4.1",
      "resolved": "https://registry.npmjs.org/@types/bcryptjs/-/bcryptjs-2.4.1.tgz",
      "integrity": "sha512-CVJ8ExtzUQJzLJbEk/lWrHD3MTvstTodjWidcH23gCii5WSD0z1TPSLqSdtbn5eCDw+DxfKgoUALi+loe8ftXA=="
    },
    "@types/node": {
      "version": "7.0.61",
      "resolved": "https://registry.npmjs.org/@types/node/-/node-7.0.61.tgz",
      "integrity": "sha512-X4MNN+Z36OmVPv7n08wxq46/t61/rauW4+xeyxGPueDQ9t7SetHnuEPS0p9n6wU/15HvJLGjzfLTc/RwN7id3A=="
    },
    "@types/validator": {
      "version": "6.3.0",
      "resolved": "https://registry.npmjs.org/@types/validator/-/validator-6.3.0.tgz",
      "integrity": "sha512-fUc+9BEr1WWW8wVRl5I/pyRDGZNe9nH06kOzlGH3eN7N8VVPW/zSrE0Vdca6G2sRCVmIN/XuOenbmldAAyTYaw=="
    },
    "bcryptjs": {
      "version": "2.4.3",
      "resolved": "https://registry.npmjs.org/bcryptjs/-/bcryptjs-2.4.3.tgz",
      "integrity": "sha1-mrVie5PmBiH/fNrF2pczAn3x0Ms="
    },
    "cross-fetch": {
      "version": "2.0.0",
      "resolved": "https://registry.npmjs.org/cross-fetch/-/cross-fetch-2.0.0.tgz",
      "integrity": "sha512-gnx0GnDyW73iDq6DpqceL8i4GGn55PPKDzNwZkopJ3mKPcfJ0BUIXBsnYfJBVw+jFDB+hzIp2ELNRdqoxN6M3w==",
      "requires": {
        "node-fetch": "2.0.0",
        "whatwg-fetch": "2.0.3"
      }
    },
    "graphcool-lib": {
      "version": "0.0.3",
      "resolved": "https://registry.npmjs.org/graphcool-lib/-/graphcool-lib-0.0.3.tgz",
      "integrity": "sha512-p41IfPBO8tqt+OEL7aAWS6mPMZDUj5T8PYYn1y5T7gOGHC3dssOHTxeXNXYKAP3ZRl6x4d1QrJqylbKGDsXRYA==",
      "requires": {
        "@types/node": "7.0.61",
        "graphql-request": "1.5.1",
        "source-map-support": "0.4.18"
      }
    },
    "graphql-request": {
      "version": "1.5.1",
      "resolved": "https://registry.npmjs.org/graphql-request/-/graphql-request-1.5.1.tgz",
      "integrity": "sha512-p1f1q+D+5k1PMxsaZszestYW1BAEKjygliqTAhJI5nueRe74WRmwNQWAdrRBoCFRIpM0SZer98cbJF4PZHXaqg==",
      "requires": {
        "cross-fetch": "2.0.0"
      }
    },
    "node-fetch": {
      "version": "2.0.0",
      "resolved": "https://registry.npmjs.org/node-fetch/-/node-fetch-2.0.0.tgz",
      "integrity": "sha1-mCu6Q+zU8pIqKcwYamu7C7c/y6Y="
    },
    "source-map": {
      "version": "0.5.7",
      "resolved": "https://registry.npmjs.org/source-map/-/source-map-0.5.7.tgz",
      "integrity": "sha1-igOdLRAh0i0eoUyA2OpGi6LvP8w="
    },
    "source-map-support": {
      "version": "0.4.18",
      "resolved": "https://registry.npmjs.org/source-map-support/-/source-map-support-0.4.18.tgz",
      "integrity": "sha512-try0/JqxPLF9nOjvSta7tVondkP5dwgyLDjVoyMDlmjugT2lRZ1OfsrYTkCd2hkDnJTKRbO/Rl3orm8vlsUzbA==",
      "requires": {
        "source-map": "0.5.7"
      }
    },
    "validator": {
      "version": "13.7.0",
      "resolved": "https://registry.npmjs.org/validator/-/validator-13.7.0.tgz",
      "integrity": "sha512-nYXQLCBkpJ8X6ltALua9dRrZDHVYxjJ1wgskNt1lH9fzGjs3tgojGSCBjmEPwkWS1y29+DrizMTW19Pr9uB2nw=="
    },
    "whatwg-fetch": {
      "version": "2.0.3",
      "resolved": "https://registry.npmjs.org/whatwg-fetch/-/whatwg-fetch-2.0.3.tgz",
      "integrity": "sha1-nITsLc9oGH/wC8ZOEnS0QhduHIQ="
    }
  }
}
